
Microsoft Visual Studio Solution File, Format Version 12.00
# Visual Studio Version 17
VisualStudioVersion = 17.9.34714.143
MinimumVisualStudioVersion = 10.0.40219.1
Project("{FAE04EC0-301F-11D3-BF4B-00C04F79EFBC}") = "HotelReservation.WebAPI", "HotelReservation.WebAPI\HotelReservation.WebAPI.csproj", "{368A705D-5BEA-4F68-830F-8CAEC95687A1}"
EndProject
Global
	GlobalSection(SolutionConfigurationPlatforms) = preSolution
		Debug|Any CPU = Debug|Any CPU
		Release|Any CPU = Release|Any CPU
	EndGlobalSection
	GlobalSection(ProjectConfigurationPlatforms) = postSolution
		{368A705D-5BEA-4F68-830F-8CAEC95687A1}.Debug|Any CPU.ActiveCfg = Debug|Any CPU
		{368A705D-5BEA-4F68-830F-8CAEC95687A1}.Debug|Any CPU.Build.0 = Debug|Any CPU
		{368A705D-5BEA-4F68-830F-8CAEC95687A1}.Release|Any CPU.ActiveCfg = Release|Any CPU
		{368A705D-5BEA-4F68-830F-8CAEC95687A1}.Release|Any CPU.Build.0 = Release|Any CPU
	EndGlobalSection
	GlobalSection(SolutionProperties) = preSolution
		HideSolutionNode = FALSE
	EndGlobalSection
	GlobalSection(ExtensibilityGlobals) = postSolution
		SolutionGuid = {1601F943-39AB-4AFA-822C-33FBFE0D5788}
	EndGlobalSection
EndGlobal
